
Microsoft Visual Studio Solution File, Format Version 12.00
# Visual Studio Version 16
VisualStudioVersion = 16.0.29613.14
MinimumVisualStudioVersion = 10.0.40219.1
Project("{FAE04EC0-301F-11D3-BF4B-00C04F79EFBC}") = "Calendar Helper", "Calendar Helper.csproj", "{A91BE4C6-A986-49D3-A9D9-0177E3B0B5B1}"
EndProject
Global
	GlobalSection(SolutionConfigurationPlatforms) = preSolution
		Debug|Any CPU = Debug|Any CPU
		Release|Any CPU = Release|Any CPU
	EndGlobalSection
	GlobalSection(ProjectConfigurationPlatforms) = postSolution
		{A91BE4C6-A986-49D3-A9D9-0177E3B0B5B1}.Debug|Any CPU.ActiveCfg = Debug|Any CPU
		{A91BE4C6-A986-49D3-A9D9-0177E3B0B5B1}.Debug|Any CPU.Build.0 = Debug|Any CPU
		{A91BE4C6-A986-49D3-A9D9-0177E3B0B5B1}.Release|Any CPU.ActiveCfg = Release|Any CPU
		{A91BE4C6-A986-49D3-A9D9-0177E3B0B5B1}.Release|Any CPU.Build.0 = Release|Any CPU
	EndGlobalSection
	GlobalSection(SolutionProperties) = preSolution
		HideSolutionNode = FALSE
	EndGlobalSection
	GlobalSection(ExtensibilityGlobals) = postSolution
		SolutionGuid = {C5C0F678-82B5-4C11-BB2A-9E5E9AA6B248}
	EndGlobalSection
EndGlobal
